
Microsoft Visual Studio Solution File, Format Version 12.00
# Visual Studio Version 17
VisualStudioVersion = 17.4.33205.214
MinimumVisualStudioVersion = 10.0.40219.1
Project("{8BC9CEB8-8B4A-11D0-8D11-00A0C91BC942}") = "DailyAC", "DailyAC\DailyAC.vcxproj", "{8BAF39B6-2A84-4CB6-8386-BD5BA28615E6}"
EndProject
Project("{8BC9CEB8-8B4A-11D0-8D11-00A0C91BC942}") = "3.15-3956. 截断数组(前缀和)", "3.15\3.15.vcxproj", "{297F964C-18A9-4D6E-B343-BD9917FE3E7B}"
EndProject
Project("{8BC9CEB8-8B4A-11D0-8D11-00A0C91BC942}") = "3.16-3729. 改变数组元素(差分)", "3.16\3.16.vcxproj", "{862A1E4B-9754-452E-984D-0AABE5BC1910}"
EndProject
Project("{8BC9CEB8-8B4A-11D0-8D11-00A0C91BC942}") = "3.17我在哪？(暴力)", "3.17我在哪？\3.17我在哪？.vcxproj", "{90819FC8-45D9-492A-AFA1-80F65E0C0160}"
EndProject
Project("{8BC9CEB8-8B4A-11D0-8D11-00A0C91BC942}") = "3.18字符串删减(双指针)", "3.18\3.18.vcxproj", "{C2CE995E-298C-4527-940C-6F73C300121F}"
EndProject
Project("{8BC9CEB8-8B4A-11D0-8D11-00A0C91BC942}") = "3.18砖块", "3.18砖块\3.18砖块.vcxproj", "{A846EEC2-6DC2-47D1-9B1E-D194E67094CC}"
EndProject
Project("{8BC9CEB8-8B4A-11D0-8D11-00A0C91BC942}") = "3.19树的遍历", "3.19树的遍历\3.19树的遍历.vcxproj", "{1B301560-ABF7-4C64-94FA-710FBC4FB562}"
EndProject
Project("{8BC9CEB8-8B4A-11D0-8D11-00A0C91BC942}") = "3.20-1249. 亲戚(并查集)", "3.20-1249. 亲戚\3.20-1249. 亲戚.vcxproj", "{FBA7DED8-7292-424C-9C73-50C158D63FB2}"
EndProject
Project("{8BC9CEB8-8B4A-11D0-8D11-00A0C91BC942}") = "3.21-2058. 笨拙的手指(Hash)", "3.21-2058. 笨拙的手指\3.21-2058. 笨拙的手指.vcxproj", "{F5A534CE-6F6A-48C8-9E6E-72B6725EAFC3}"
EndProject
Project("{8BC9CEB8-8B4A-11D0-8D11-00A0C91BC942}") = "3.21-299. 裁剪序列", "3.21-299. 裁剪序列\3.21-299. 裁剪序列.vcxproj", "{0979D105-C30C-4B0E-95F5-407B991D6C45}"
EndProject
Project("{8BC9CEB8-8B4A-11D0-8D11-00A0C91BC942}") = "3.22-141. 周期（KMP）", "3.22-141. 周期\3.22-141. 周期.vcxproj", "{5605690F-5A84-43E7-B4E3-2F664B72C5E6}"
EndProject
Project("{8BC9CEB8-8B4A-11D0-8D11-00A0C91BC942}") = "3.24-3485. 最大异或和(trie)", "3.24-3485. 最大异或和\3.24-3485. 最大异或和.vcxproj", "{0592DE1F-0F88-4C66-A143-01806983842F}"
EndProject
Project("{8BC9CEB8-8B4A-11D0-8D11-00A0C91BC942}") = "3.25-1562. 微博转发(数组模拟邻接表，BFS)", "3.25-1562. 微博转发\3.25-1562. 微博转发.vcxproj", "{934778EE-24FF-461A-9C05-128C24AF0DA1}"
EndProject
Project("{8BC9CEB8-8B4A-11D0-8D11-00A0C91BC942}") = "3.26-3502. 不同路径数(Hash,DFS)", "3.26-3502. 不同路径数\3.26-3502. 不同路径数.vcxproj", "{EBAFCBB4-1388-452D-80E3-1D79B9B1A791}"
EndProject
Global
	GlobalSection(SolutionConfigurationPlatforms) = preSolution
		Debug|x64 = Debug|x64
		Debug|x86 = Debug|x86
		Release|x64 = Release|x64
		Release|x86 = Release|x86
	EndGlobalSection
	GlobalSection(ProjectConfigurationPlatforms) = postSolution
		{8BAF39B6-2A84-4CB6-8386-BD5BA28615E6}.Debug|x64.ActiveCfg = Debug|x64
		{8BAF39B6-2A84-4CB6-8386-BD5BA28615E6}.Debug|x64.Build.0 = Debug|x64
		{8BAF39B6-2A84-4CB6-8386-BD5BA28615E6}.Debug|x86.ActiveCfg = Debug|Win32
		{8BAF39B6-2A84-4CB6-8386-BD5BA28615E6}.Debug|x86.Build.0 = Debug|Win32
		{8BAF39B6-2A84-4CB6-8386-BD5BA28615E6}.Release|x64.ActiveCfg = Release|x64
		{8BAF39B6-2A84-4CB6-8386-BD5BA28615E6}.Release|x64.Build.0 = Release|x64
		{8BAF39B6-2A84-4CB6-8386-BD5BA28615E6}.Release|x86.ActiveCfg = Release|Win32
		{8BAF39B6-2A84-4CB6-8386-BD5BA28615E6}.Release|x86.Build.0 = Release|Win32
		{297F964C-18A9-4D6E-B343-BD9917FE3E7B}.Debug|x64.ActiveCfg = Debug|x64
		{297F964C-18A9-4D6E-B343-BD9917FE3E7B}.Debug|x64.Build.0 = Debug|x64
		{297F964C-18A9-4D6E-B343-BD9917FE3E7B}.Debug|x86.ActiveCfg = Debug|Win32
		{297F964C-18A9-4D6E-B343-BD9917FE3E7B}.Debug|x86.Build.0 = Debug|Win32
		{297F964C-18A9-4D6E-B343-BD9917FE3E7B}.Release|x64.ActiveCfg = Release|x64
		{297F964C-18A9-4D6E-B343-BD9917FE3E7B}.Release|x64.Build.0 = Release|x64
		{297F964C-18A9-4D6E-B343-BD9917FE3E7B}.Release|x86.ActiveCfg = Release|Win32
		{297F964C-18A9-4D6E-B343-BD9917FE3E7B}.Release|x86.Build.0 = Release|Win32
		{862A1E4B-9754-452E-984D-0AABE5BC1910}.Debug|x64.ActiveCfg = Debug|x64
		{862A1E4B-9754-452E-984D-0AABE5BC1910}.Debug|x64.Build.0 = Debug|x64
		{862A1E4B-9754-452E-984D-0AABE5BC1910}.Debug|x86.ActiveCfg = Debug|Win32
		{862A1E4B-9754-452E-984D-0AABE5BC1910}.Debug|x86.Build.0 = Debug|Win32
		{862A1E4B-9754-452E-984D-0AABE5BC1910}.Release|x64.ActiveCfg = Release|x64
		{862A1E4B-9754-452E-984D-0AABE5BC1910}.Release|x64.Build.0 = Release|x64
		{862A1E4B-9754-452E-984D-0AABE5BC1910}.Release|x86.ActiveCfg = Release|Win32
		{862A1E4B-9754-452E-984D-0AABE5BC1910}.Release|x86.Build.0 = Release|Win32
		{90819FC8-45D9-492A-AFA1-80F65E0C0160}.Debug|x64.ActiveCfg = Debug|x64
		{90819FC8-45D9-492A-AFA1-80F65E0C0160}.Debug|x64.Build.0 = Debug|x64
		{90819FC8-45D9-492A-AFA1-80F65E0C0160}.Debug|x86.ActiveCfg = Debug|Win32
		{90819FC8-45D9-492A-AFA1-80F65E0C0160}.Debug|x86.Build.0 = Debug|Win32
		{90819FC8-45D9-492A-AFA1-80F65E0C0160}.Release|x64.ActiveCfg = Release|x64
		{90819FC8-45D9-492A-AFA1-80F65E0C0160}.Release|x64.Build.0 = Release|x64
		{90819FC8-45D9-492A-AFA1-80F65E0C0160}.Release|x86.ActiveCfg = Release|Win32
		{90819FC8-45D9-492A-AFA1-80F65E0C0160}.Release|x86.Build.0 = Release|Win32
		{C2CE995E-298C-4527-940C-6F73C300121F}.Debug|x64.ActiveCfg = Debug|x64
		{C2CE995E-298C-4527-940C-6F73C300121F}.Debug|x64.Build.0 = Debug|x64
		{C2CE995E-298C-4527-940C-6F73C300121F}.Debug|x86.ActiveCfg = Debug|Win32
		{C2CE995E-298C-4527-940C-6F73C300121F}.Debug|x86.Build.0 = Debug|Win32
		{C2CE995E-298C-4527-940C-6F73C300121F}.Release|x64.ActiveCfg = Release|x64
		{C2CE995E-298C-4527-940C-6F73C300121F}.Release|x64.Build.0 = Release|x64
		{C2CE995E-298C-4527-940C-6F73C300121F}.Release|x86.ActiveCfg = Release|Win32
		{C2CE995E-298C-4527-940C-6F73C300121F}.Release|x86.Build.0 = Release|Win32
		{A846EEC2-6DC2-47D1-9B1E-D194E67094CC}.Debug|x64.ActiveCfg = Debug|x64
		{A846EEC2-6DC2-47D1-9B1E-D194E67094CC}.Debug|x64.Build.0 = Debug|x64
		{A846EEC2-6DC2-47D1-9B1E-D194E67094CC}.Debug|x86.ActiveCfg = Debug|Win32
		{A846EEC2-6DC2-47D1-9B1E-D194E67094CC}.Debug|x86.Build.0 = Debug|Win32
		{A846EEC2-6DC2-47D1-9B1E-D194E67094CC}.Release|x64.ActiveCfg = Release|x64
		{A846EEC2-6DC2-47D1-9B1E-D194E67094CC}.Release|x64.Build.0 = Release|x64
		{A846EEC2-6DC2-47D1-9B1E-D194E67094CC}.Release|x86.ActiveCfg = Release|Win32
		{A846EEC2-6DC2-47D1-9B1E-D194E67094CC}.Release|x86.Build.0 = Release|Win32
		{1B301560-ABF7-4C64-94FA-710FBC4FB562}.Debug|x64.ActiveCfg = Debug|x64
		{1B301560-ABF7-4C64-94FA-710FBC4FB562}.Debug|x64.Build.0 = Debug|x64
		{1B301560-ABF7-4C64-94FA-710FBC4FB562}.Debug|x86.ActiveCfg = Debug|Win32
		{1B301560-ABF7-4C64-94FA-710FBC4FB562}.Debug|x86.Build.0 = Debug|Win32
		{1B301560-ABF7-4C64-94FA-710FBC4FB562}.Release|x64.ActiveCfg = Release|x64
		{1B301560-ABF7-4C64-94FA-710FBC4FB562}.Release|x64.Build.0 = Release|x64
		{1B301560-ABF7-4C64-94FA-710FBC4FB562}.Release|x86.ActiveCfg = Release|Win32
		{1B301560-ABF7-4C64-94FA-710FBC4FB562}.Release|x86.Build.0 = Release|Win32
		{FBA7DED8-7292-424C-9C73-50C158D63FB2}.Debug|x64.ActiveCfg = Debug|x64
		{FBA7DED8-7292-424C-9C73-50C158D63FB2}.Debug|x64.Build.0 = Debug|x64
		{FBA7DED8-7292-424C-9C73-50C158D63FB2}.Debug|x86.ActiveCfg = Debug|Win32
		{FBA7DED8-7292-424C-9C73-50C158D63FB2}.Debug|x86.Build.0 = Debug|Win32
		{FBA7DED8-7292-424C-9C73-50C158D63FB2}.Release|x64.ActiveCfg = Release|x64
		{FBA7DED8-7292-424C-9C73-50C158D63FB2}.Release|x64.Build.0 = Release|x64
		{FBA7DED8-7292-424C-9C73-50C158D63FB2}.Release|x86.ActiveCfg = Release|Win32
		{FBA7DED8-7292-424C-9C73-50C158D63FB2}.Release|x86.Build.0 = Release|Win32
		{F5A534CE-6F6A-48C8-9E6E-72B6725EAFC3}.Debug|x64.ActiveCfg = Debug|x64
		{F5A534CE-6F6A-48C8-9E6E-72B6725EAFC3}.Debug|x64.Build.0 = Debug|x64
		{F5A534CE-6F6A-48C8-9E6E-72B6725EAFC3}.Debug|x86.ActiveCfg = Debug|Win32
		{F5A534CE-6F6A-48C8-9E6E-72B6725EAFC3}.Debug|x86.Build.0 = Debug|Win32
		{F5A534CE-6F6A-48C8-9E6E-72B6725EAFC3}.Release|x64.ActiveCfg = Release|x64
		{F5A534CE-6F6A-48C8-9E6E-72B6725EAFC3}.Release|x64.Build.0 = Release|x64
		{F5A534CE-6F6A-48C8-9E6E-72B6725EAFC3}.Release|x86.ActiveCfg = Release|Win32
		{F5A534CE-6F6A-48C8-9E6E-72B6725EAFC3}.Release|x86.Build.0 = Release|Win32
		{0979D105-C30C-4B0E-95F5-407B991D6C45}.Debug|x64.ActiveCfg = Debug|x64
		{0979D105-C30C-4B0E-95F5-407B991D6C45}.Debug|x64.Build.0 = Debug|x64
		{0979D105-C30C-4B0E-95F5-407B991D6C45}.Debug|x86.ActiveCfg = Debug|Win32
		{0979D105-C30C-4B0E-95F5-407B991D6C45}.Debug|x86.Build.0 = Debug|Win32
		{0979D105-C30C-4B0E-95F5-407B991D6C45}.Release|x64.ActiveCfg = Release|x64
		{0979D105-C30C-4B0E-95F5-407B991D6C45}.Release|x64.Build.0 = Release|x64
		{0979D105-C30C-4B0E-95F5-407B991D6C45}.Release|x86.ActiveCfg = Release|Win32
		{0979D105-C30C-4B0E-95F5-407B991D6C45}.Release|x86.Build.0 = Release|Win32
		{5605690F-5A84-43E7-B4E3-2F664B72C5E6}.Debug|x64.ActiveCfg = Debug|x64
		{5605690F-5A84-43E7-B4E3-2F664B72C5E6}.Debug|x64.Build.0 = Debug|x64
		{5605690F-5A84-43E7-B4E3-2F664B72C5E6}.Debug|x86.ActiveCfg = Debug|Win32
		{5605690F-5A84-43E7-B4E3-2F664B72C5E6}.Debug|x86.Build.0 = Debug|Win32
		{5605690F-5A84-43E7-B4E3-2F664B72C5E6}.Release|x64.ActiveCfg = Release|x64
		{5605690F-5A84-43E7-B4E3-2F664B72C5E6}.Release|x64.Build.0 = Release|x64
		{5605690F-5A84-43E7-B4E3-2F664B72C5E6}.Release|x86.ActiveCfg = Release|Win32
		{5605690F-5A84-43E7-B4E3-2F664B72C5E6}.Release|x86.Build.0 = Release|Win32
		{0592DE1F-0F88-4C66-A143-01806983842F}.Debug|x64.ActiveCfg = Debug|x64
		{0592DE1F-0F88-4C66-A143-01806983842F}.Debug|x64.Build.0 = Debug|x64
		{0592DE1F-0F88-4C66-A143-01806983842F}.Debug|x86.ActiveCfg = Debug|Win32
		{0592DE1F-0F88-4C66-A143-01806983842F}.Debug|x86.Build.0 = Debug|Win32
		{0592DE1F-0F88-4C66-A143-01806983842F}.Release|x64.ActiveCfg = Release|x64
		{0592DE1F-0F88-4C66-A143-01806983842F}.Release|x64.Build.0 = Release|x64
		{0592DE1F-0F88-4C66-A143-01806983842F}.Release|x86.ActiveCfg = Release|Win32
		{0592DE1F-0F88-4C66-A143-01806983842F}.Release|x86.Build.0 = Release|Win32
		{934778EE-24FF-461A-9C05-128C24AF0DA1}.Debug|x64.ActiveCfg = Debug|x64
		{934778EE-24FF-461A-9C05-128C24AF0DA1}.Debug|x64.Build.0 = Debug|x64
		{934778EE-24FF-461A-9C05-128C24AF0DA1}.Debug|x86.ActiveCfg = Debug|Win32
		{934778EE-24FF-461A-9C05-128C24AF0DA1}.Debug|x86.Build.0 = Debug|Win32
		{934778EE-24FF-461A-9C05-128C24AF0DA1}.Release|x64.ActiveCfg = Release|x64
		{934778EE-24FF-461A-9C05-128C24AF0DA1}.Release|x64.Build.0 = Release|x64
		{934778EE-24FF-461A-9C05-128C24AF0DA1}.Release|x86.ActiveCfg = Release|Win32
		{934778EE-24FF-461A-9C05-128C24AF0DA1}.Release|x86.Build.0 = Release|Win32
		{EBAFCBB4-1388-452D-80E3-1D79B9B1A791}.Debug|x64.ActiveCfg = Debug|x64
		{EBAFCBB4-1388-452D-80E3-1D79B9B1A791}.Debug|x64.Build.0 = Debug|x64
		{EBAFCBB4-1388-452D-80E3-1D79B9B1A791}.Debug|x86.ActiveCfg = Debug|Win32
		{EBAFCBB4-1388-452D-80E3-1D79B9B1A791}.Debug|x86.Build.0 = Debug|Win32
		{EBAFCBB4-1388-452D-80E3-1D79B9B1A791}.Release|x64.ActiveCfg = Release|x64
		{EBAFCBB4-1388-452D-80E3-1D79B9B1A791}.Release|x64.Build.0 = Release|x64
		{EBAFCBB4-1388-452D-80E3-1D79B9B1A791}.Release|x86.ActiveCfg = Release|Win32
		{EBAFCBB4-1388-452D-80E3-1D79B9B1A791}.Release|x86.Build.0 = Release|Win32
	EndGlobalSection
	GlobalSection(SolutionProperties) = preSolution
		HideSolutionNode = FALSE
	EndGlobalSection
	GlobalSection(ExtensibilityGlobals) = postSolution
		SolutionGuid = {14C449E5-A253-4023-ACE4-5425D4BF4601}
	EndGlobalSection
EndGlobal
